
Microsoft Visual Studio Solution File, Format Version 12.00
Project("{FAE04EC0-301F-11D3-BF4B-00C04F79EFBC}") = "CeLishp", "CeLishp\CeLishp.csproj", "{2997EF5B-8200-4BDB-918F-0F04CBA2BA7C}"
EndProject
Project("{FAE04EC0-301F-11D3-BF4B-00C04F79EFBC}") = "UnitTest", "UnitTest\UnitTest.csproj", "{9FE77FE6-406B-46E4-9247-8F7BDA0EC4A4}"
EndProject
Global
	GlobalSection(SolutionConfigurationPlatforms) = preSolution
		Debug|Any CPU = Debug|Any CPU
		Release|Any CPU = Release|Any CPU
	EndGlobalSection
	GlobalSection(ProjectConfigurationPlatforms) = postSolution
		{2997EF5B-8200-4BDB-918F-0F04CBA2BA7C}.Debug|Any CPU.ActiveCfg = Debug|Any CPU
		{2997EF5B-8200-4BDB-918F-0F04CBA2BA7C}.Debug|Any CPU.Build.0 = Debug|Any CPU
		{2997EF5B-8200-4BDB-918F-0F04CBA2BA7C}.Release|Any CPU.ActiveCfg = Release|Any CPU
		{2997EF5B-8200-4BDB-918F-0F04CBA2BA7C}.Release|Any CPU.Build.0 = Release|Any CPU
		{9FE77FE6-406B-46E4-9247-8F7BDA0EC4A4}.Debug|Any CPU.ActiveCfg = Debug|Any CPU
		{9FE77FE6-406B-46E4-9247-8F7BDA0EC4A4}.Debug|Any CPU.Build.0 = Debug|Any CPU
		{9FE77FE6-406B-46E4-9247-8F7BDA0EC4A4}.Release|Any CPU.ActiveCfg = Release|Any CPU
		{9FE77FE6-406B-46E4-9247-8F7BDA0EC4A4}.Release|Any CPU.Build.0 = Release|Any CPU
	EndGlobalSection
EndGlobal
